
Microsoft Visual Studio Solution File, Format Version 12.00
# Visual Studio Version 17
VisualStudioVersion = 17.6.33723.286
MinimumVisualStudioVersion = 10.0.40219.1
Project("{FAE04EC0-301F-11D3-BF4B-00C04F79EFBC}") = "FirstTest", "FirstTest.csproj", "{A78D2325-EEBF-4FE2-A8A3-AE19C6F69509}"
EndProject
Project("{FAE04EC0-301F-11D3-BF4B-00C04F79EFBC}") = "Test", "..\Test\Test.csproj", "{6AAEB01D-E1D4-4CEE-B9B2-447309461BAB}"
EndProject
Global
	GlobalSection(SolutionConfigurationPlatforms) = preSolution
		Debug|Any CPU = Debug|Any CPU
		Release|Any CPU = Release|Any CPU
	EndGlobalSection
	GlobalSection(ProjectConfigurationPlatforms) = postSolution
		{A78D2325-EEBF-4FE2-A8A3-AE19C6F69509}.Debug|Any CPU.ActiveCfg = Debug|Any CPU
		{A78D2325-EEBF-4FE2-A8A3-AE19C6F69509}.Debug|Any CPU.Build.0 = Debug|Any CPU
		{A78D2325-EEBF-4FE2-A8A3-AE19C6F69509}.Release|Any CPU.ActiveCfg = Release|Any CPU
		{A78D2325-EEBF-4FE2-A8A3-AE19C6F69509}.Release|Any CPU.Build.0 = Release|Any CPU
		{6AAEB01D-E1D4-4CEE-B9B2-447309461BAB}.Debug|Any CPU.ActiveCfg = Debug|Any CPU
		{6AAEB01D-E1D4-4CEE-B9B2-447309461BAB}.Debug|Any CPU.Build.0 = Debug|Any CPU
		{6AAEB01D-E1D4-4CEE-B9B2-447309461BAB}.Release|Any CPU.ActiveCfg = Release|Any CPU
		{6AAEB01D-E1D4-4CEE-B9B2-447309461BAB}.Release|Any CPU.Build.0 = Release|Any CPU
	EndGlobalSection
	GlobalSection(SolutionProperties) = preSolution
		HideSolutionNode = FALSE
	EndGlobalSection
	GlobalSection(ExtensibilityGlobals) = postSolution
		SolutionGuid = {BD678F02-29B0-4748-8309-8C4A1B485710}
	EndGlobalSection
EndGlobal
