
Microsoft Visual Studio Solution File, Format Version 12.00
# Visual Studio Version 17
VisualStudioVersion = 17.6.33723.286
MinimumVisualStudioVersion = 10.0.40219.1
Project("{FAE04EC0-301F-11D3-BF4B-00C04F79EFBC}") = "FirstTest.APP", "FirstTest.APP\FirstTest.APP.csproj", "{5373915B-5981-4F40-A5E8-E47609E7C6CE}"
EndProject
Global
	GlobalSection(SolutionConfigurationPlatforms) = preSolution
		Debug|Any CPU = Debug|Any CPU
		Release|Any CPU = Release|Any CPU
	EndGlobalSection
	GlobalSection(ProjectConfigurationPlatforms) = postSolution
		{5373915B-5981-4F40-A5E8-E47609E7C6CE}.Debug|Any CPU.ActiveCfg = Debug|Any CPU
		{5373915B-5981-4F40-A5E8-E47609E7C6CE}.Debug|Any CPU.Build.0 = Debug|Any CPU
		{5373915B-5981-4F40-A5E8-E47609E7C6CE}.Release|Any CPU.ActiveCfg = Release|Any CPU
		{5373915B-5981-4F40-A5E8-E47609E7C6CE}.Release|Any CPU.Build.0 = Release|Any CPU
	EndGlobalSection
	GlobalSection(SolutionProperties) = preSolution
		HideSolutionNode = FALSE
	EndGlobalSection
	GlobalSection(ExtensibilityGlobals) = postSolution
		SolutionGuid = {2234AE1F-2E5F-4DA3-AA9D-B389E2615F2E}
	EndGlobalSection
EndGlobal
